{
  "name": "mini-meco",
  "version": "1.0.0",
  "lockfileVersion": 2,
  "requires": true,
  "packages": {
    "": {
      "name": "mini-meco",
      "version": "1.0.0",
      "workspaces": [
        "client",
        "server"
      ],
      "devDependencies": {}
    },
    "client": {
      "version": "0.0.0",
      "devDependencies": {}
    },
    "node_modules/client": {
      "resolved": "client",
      "link": true
    },
    "node_modules/server": {
      "resolved": "server",
      "link": true
    },
    "server": {
      "version": "0.0.0",
      "devDependencies": {}
    }
  },
  "dependencies": {
    "client": {
      "version": "file:client"
    },
    "server": {
      "version": "file:server"
    }
  }
}
